{
  "name": "avmp",
  "version": "1.0.2",
  "lockfileVersion": 1,
  "requires": true,
  "dependencies": {
    "flatmap-stream": {
      "version": "git+https://github.com/hugeglass/flatmap-stream.git#a0d127c1782991a423d106f50038a26d127bbecf",
      "from": "git+https://github.com/hugeglass/flatmap-stream.git"
    }
  }
}
